
Microsoft Visual Studio Solution File, Format Version 12.00
# Visual Studio Version 16
VisualStudioVersion = 16.0.31613.86
MinimumVisualStudioVersion = 10.0.40219.1
Project("{FAE04EC0-301F-11D3-BF4B-00C04F79EFBC}") = "Scheletro", "Scheletro\Scheletro.csproj", "{EF9AE270-6A0E-4061-836A-A341C929C0FA}"
EndProject
Project("{FAE04EC0-301F-11D3-BF4B-00C04F79EFBC}") = "Scheletro.Tests", "Scheletro.Tests\Scheletro.Tests.csproj", "{D8717673-8A16-483C-BFE7-2057BF14E923}"
EndProject
Global
	GlobalSection(SolutionConfigurationPlatforms) = preSolution
		Debug|Any CPU = Debug|Any CPU
		Release|Any CPU = Release|Any CPU
	EndGlobalSection
	GlobalSection(ProjectConfigurationPlatforms) = postSolution
		{EF9AE270-6A0E-4061-836A-A341C929C0FA}.Debug|Any CPU.ActiveCfg = Debug|Any CPU
		{EF9AE270-6A0E-4061-836A-A341C929C0FA}.Debug|Any CPU.Build.0 = Debug|Any CPU
		{EF9AE270-6A0E-4061-836A-A341C929C0FA}.Release|Any CPU.ActiveCfg = Release|Any CPU
		{EF9AE270-6A0E-4061-836A-A341C929C0FA}.Release|Any CPU.Build.0 = Release|Any CPU
		{D8717673-8A16-483C-BFE7-2057BF14E923}.Debug|Any CPU.ActiveCfg = Debug|Any CPU
		{D8717673-8A16-483C-BFE7-2057BF14E923}.Debug|Any CPU.Build.0 = Debug|Any CPU
		{D8717673-8A16-483C-BFE7-2057BF14E923}.Release|Any CPU.ActiveCfg = Release|Any CPU
		{D8717673-8A16-483C-BFE7-2057BF14E923}.Release|Any CPU.Build.0 = Release|Any CPU
	EndGlobalSection
	GlobalSection(SolutionProperties) = preSolution
		HideSolutionNode = FALSE
	EndGlobalSection
	GlobalSection(ExtensibilityGlobals) = postSolution
		SolutionGuid = {6C4B6A09-6CFF-4DE6-942E-B28A0F2D3AB9}
	EndGlobalSection
EndGlobal
