
Microsoft Visual Studio Solution File, Format Version 12.00
# Visual Studio Version 16
VisualStudioVersion = 16.0.31613.86
MinimumVisualStudioVersion = 10.0.40219.1
Project("{9A19103F-16F7-4668-BE54-9A1E7A4F7556}") = "Scheletro.ArgumentValidator", "Scheletro.ArgumentValidator\Scheletro.ArgumentValidator.csproj", "{13EBE719-0884-49D6-96E0-A12A82C373D0}"
EndProject
Project("{9A19103F-16F7-4668-BE54-9A1E7A4F7556}") = "Scheletro.ArgumentValidator.Tests", "Scheletro.ArgumentValidator.Tests\Scheletro.ArgumentValidator.Tests.csproj", "{4134CF25-FF0B-4D3D-8DC9-FE9D700997DC}"
EndProject
Project("{9A19103F-16F7-4668-BE54-9A1E7A4F7556}") = "Scheletro.FinancialYearCalculator", "Scheletro.FinancialYearCalculator\Scheletro.FinancialYearCalculator.csproj", "{E7CD4AA7-C21D-42F0-B53E-EF18DBD53677}"
EndProject
Project("{9A19103F-16F7-4668-BE54-9A1E7A4F7556}") = "Scheletro.FinancialYearCalculator.Tests", "Scheletro.FinancialYearCalculator.Tests\Scheletro.FinancialYearCalculator.Tests.csproj", "{2045E21F-1938-4CA4-92CF-033372EE1C24}"
EndProject
Project("{9A19103F-16F7-4668-BE54-9A1E7A4F7556}") = "Scheletro.NamedFormatter", "Scheletro.NamedFormatter\Scheletro.NamedFormatter.csproj", "{5E98EF80-91AC-4BA9-82DF-8FCD874E3015}"
EndProject
Project("{9A19103F-16F7-4668-BE54-9A1E7A4F7556}") = "Scheletro.NamedFormatter.Tests", "Scheletro.NamedFormatter.Tests\Scheletro.NamedFormatter.Tests.csproj", "{AC00EEB1-176B-40E5-A3E9-695294C22458}"
EndProject
Project("{9A19103F-16F7-4668-BE54-9A1E7A4F7556}") = "Scheletro.ExcelHelper", "Scheletro.ExcelHelper\Scheletro.ExcelHelper.csproj", "{13C105E4-928F-4C5D-8E37-29623521E467}"
EndProject
Project("{9A19103F-16F7-4668-BE54-9A1E7A4F7556}") = "Scheletro.ExcelHelper.Tests", "Scheletro.ExcelHelper.Tests\Scheletro.ExcelHelper.Tests.csproj", "{6104FD71-ED9F-4A1B-933C-D5B3A93C11E8}"
EndProject
Project("{FAE04EC0-301F-11D3-BF4B-00C04F79EFBC}") = "Scheletro.ExcelHelper.NETStandard2_0", "Scheletro.ExcelHelper.NETStandard2_0\Scheletro.ExcelHelper.NETStandard2_0.csproj", "{A369A3D0-24BC-4EED-A023-D0784ADD4AD6}"
EndProject
Project("{FAE04EC0-301F-11D3-BF4B-00C04F79EFBC}") = "Scheletro.ArgumentValidator.NETStandard2_0", "Scheletro.ArgumentValidator.NETStandard2_0\Scheletro.ArgumentValidator.NETStandard2_0.csproj", "{E516329C-B01B-4FFC-A837-836EC0A25DCB}"
EndProject
Global
	GlobalSection(SolutionConfigurationPlatforms) = preSolution
		Debug|Any CPU = Debug|Any CPU
		Release|Any CPU = Release|Any CPU
	EndGlobalSection
	GlobalSection(ProjectConfigurationPlatforms) = postSolution
		{13EBE719-0884-49D6-96E0-A12A82C373D0}.Debug|Any CPU.ActiveCfg = Debug|Any CPU
		{13EBE719-0884-49D6-96E0-A12A82C373D0}.Debug|Any CPU.Build.0 = Debug|Any CPU
		{13EBE719-0884-49D6-96E0-A12A82C373D0}.Release|Any CPU.ActiveCfg = Release|Any CPU
		{13EBE719-0884-49D6-96E0-A12A82C373D0}.Release|Any CPU.Build.0 = Release|Any CPU
		{4134CF25-FF0B-4D3D-8DC9-FE9D700997DC}.Debug|Any CPU.ActiveCfg = Debug|Any CPU
		{4134CF25-FF0B-4D3D-8DC9-FE9D700997DC}.Debug|Any CPU.Build.0 = Debug|Any CPU
		{4134CF25-FF0B-4D3D-8DC9-FE9D700997DC}.Release|Any CPU.ActiveCfg = Release|Any CPU
		{4134CF25-FF0B-4D3D-8DC9-FE9D700997DC}.Release|Any CPU.Build.0 = Release|Any CPU
		{E7CD4AA7-C21D-42F0-B53E-EF18DBD53677}.Debug|Any CPU.ActiveCfg = Debug|Any CPU
		{E7CD4AA7-C21D-42F0-B53E-EF18DBD53677}.Debug|Any CPU.Build.0 = Debug|Any CPU
		{E7CD4AA7-C21D-42F0-B53E-EF18DBD53677}.Release|Any CPU.ActiveCfg = Release|Any CPU
		{E7CD4AA7-C21D-42F0-B53E-EF18DBD53677}.Release|Any CPU.Build.0 = Release|Any CPU
		{2045E21F-1938-4CA4-92CF-033372EE1C24}.Debug|Any CPU.ActiveCfg = Debug|Any CPU
		{2045E21F-1938-4CA4-92CF-033372EE1C24}.Debug|Any CPU.Build.0 = Debug|Any CPU
		{2045E21F-1938-4CA4-92CF-033372EE1C24}.Release|Any CPU.ActiveCfg = Release|Any CPU
		{2045E21F-1938-4CA4-92CF-033372EE1C24}.Release|Any CPU.Build.0 = Release|Any CPU
		{5E98EF80-91AC-4BA9-82DF-8FCD874E3015}.Debug|Any CPU.ActiveCfg = Debug|Any CPU
		{5E98EF80-91AC-4BA9-82DF-8FCD874E3015}.Debug|Any CPU.Build.0 = Debug|Any CPU
		{5E98EF80-91AC-4BA9-82DF-8FCD874E3015}.Release|Any CPU.ActiveCfg = Release|Any CPU
		{5E98EF80-91AC-4BA9-82DF-8FCD874E3015}.Release|Any CPU.Build.0 = Release|Any CPU
		{AC00EEB1-176B-40E5-A3E9-695294C22458}.Debug|Any CPU.ActiveCfg = Debug|Any CPU
		{AC00EEB1-176B-40E5-A3E9-695294C22458}.Debug|Any CPU.Build.0 = Debug|Any CPU
		{AC00EEB1-176B-40E5-A3E9-695294C22458}.Release|Any CPU.ActiveCfg = Release|Any CPU
		{AC00EEB1-176B-40E5-A3E9-695294C22458}.Release|Any CPU.Build.0 = Release|Any CPU
		{13C105E4-928F-4C5D-8E37-29623521E467}.Debug|Any CPU.ActiveCfg = Debug|Any CPU
		{13C105E4-928F-4C5D-8E37-29623521E467}.Debug|Any CPU.Build.0 = Debug|Any CPU
		{13C105E4-928F-4C5D-8E37-29623521E467}.Release|Any CPU.ActiveCfg = Release|Any CPU
		{13C105E4-928F-4C5D-8E37-29623521E467}.Release|Any CPU.Build.0 = Release|Any CPU
		{6104FD71-ED9F-4A1B-933C-D5B3A93C11E8}.Debug|Any CPU.ActiveCfg = Debug|Any CPU
		{6104FD71-ED9F-4A1B-933C-D5B3A93C11E8}.Debug|Any CPU.Build.0 = Debug|Any CPU
		{6104FD71-ED9F-4A1B-933C-D5B3A93C11E8}.Release|Any CPU.ActiveCfg = Release|Any CPU
		{6104FD71-ED9F-4A1B-933C-D5B3A93C11E8}.Release|Any CPU.Build.0 = Release|Any CPU
		{A369A3D0-24BC-4EED-A023-D0784ADD4AD6}.Debug|Any CPU.ActiveCfg = Debug|Any CPU
		{A369A3D0-24BC-4EED-A023-D0784ADD4AD6}.Debug|Any CPU.Build.0 = Debug|Any CPU
		{A369A3D0-24BC-4EED-A023-D0784ADD4AD6}.Release|Any CPU.ActiveCfg = Release|Any CPU
		{A369A3D0-24BC-4EED-A023-D0784ADD4AD6}.Release|Any CPU.Build.0 = Release|Any CPU
		{E516329C-B01B-4FFC-A837-836EC0A25DCB}.Debug|Any CPU.ActiveCfg = Debug|Any CPU
		{E516329C-B01B-4FFC-A837-836EC0A25DCB}.Debug|Any CPU.Build.0 = Debug|Any CPU
		{E516329C-B01B-4FFC-A837-836EC0A25DCB}.Release|Any CPU.ActiveCfg = Release|Any CPU
		{E516329C-B01B-4FFC-A837-836EC0A25DCB}.Release|Any CPU.Build.0 = Release|Any CPU
	EndGlobalSection
	GlobalSection(SolutionProperties) = preSolution
		HideSolutionNode = FALSE
	EndGlobalSection
	GlobalSection(ExtensibilityGlobals) = postSolution
		SolutionGuid = {6C4B6A09-6CFF-4DE6-942E-B28A0F2D3AB9}
	EndGlobalSection
EndGlobal
